
Microsoft Visual Studio Solution File, Format Version 12.00
# Visual Studio Version 16
VisualStudioVersion = 16.0.31624.102
MinimumVisualStudioVersion = 10.0.40219.1
Project("{FAE04EC0-301F-11D3-BF4B-00C04F79EFBC}") = "BankSite", "BankSite\BankSite.csproj", "{C420FE7C-22AE-429C-9A1C-929D21515B94}"
EndProject
Global
	GlobalSection(SolutionConfigurationPlatforms) = preSolution
		Debug|Any CPU = Debug|Any CPU
		Release|Any CPU = Release|Any CPU
	EndGlobalSection
	GlobalSection(ProjectConfigurationPlatforms) = postSolution
		{C420FE7C-22AE-429C-9A1C-929D21515B94}.Debug|Any CPU.ActiveCfg = Debug|Any CPU
		{C420FE7C-22AE-429C-9A1C-929D21515B94}.Debug|Any CPU.Build.0 = Debug|Any CPU
		{C420FE7C-22AE-429C-9A1C-929D21515B94}.Release|Any CPU.ActiveCfg = Release|Any CPU
		{C420FE7C-22AE-429C-9A1C-929D21515B94}.Release|Any CPU.Build.0 = Release|Any CPU
	EndGlobalSection
	GlobalSection(SolutionProperties) = preSolution
		HideSolutionNode = FALSE
	EndGlobalSection
	GlobalSection(ExtensibilityGlobals) = postSolution
		SolutionGuid = {63BD350D-5B1E-4C2F-99F2-59FF75A5260F}
	EndGlobalSection
EndGlobal
